
Microsoft Visual Studio Solution File, Format Version 10.00
# Visual Studio 2008
Project("{F2BE0824-A680-407D-BFE8-CEE10638EC6F}") = "CH02_Polygons", "Polygons_1_1.vcproj", "{0E4801A8-5223-45C7-9875-BCC812225481}"
EndProject
Project("{F2BE0824-A680-407D-BFE8-CEE10638EC6F}") = "CH02_Polygons", "Polygons_2_1.vcproj", "{DE4882A1-29FB-47C5-AF23-1518EE348BB5}"
EndProject
Project("{F2BE0824-A680-407D-BFE8-CEE10638EC6F}") = "CH02_Polygons", "Polygons_2_1a.vcproj", "{FF42A7C9-2F9C-47BD-AFD9-1D90DD9CC944}"
EndProject
Project("{F2BE0824-A680-407D-BFE8-CEE10638EC6F}") = "CH02_Polygons", "Polygons_2_2.vcproj", "{7D84426C-D968-4434-9A54-A8ADAC32F9F2}"
EndProject
Project("{F2BE0824-A680-407D-BFE8-CEE10638EC6F}") = "CH02_Polygons", "Polygons_2_2a.vcproj", "{D03E1D20-EC72-4FF6-AF8F-4984A63EA741}"
EndProject
Project("{F2BE0824-A680-407D-BFE8-CEE10638EC6F}") = "CH02_Polygons", "Polygons_3_1.vcproj", "{33CBB64B-F180-4DD3-A6EC-707A220BD919}"
EndProject
Project("{F2BE0824-A680-407D-BFE8-CEE10638EC6F}") = "CH02_Polygons", "Polygons_3_2.vcproj", "{81A36801-1F78-4684-A6EE-60D64CF10CB9}"
EndProject
Project("{F2BE0824-A680-407D-BFE8-CEE10638EC6F}") = "CH02_Polygons", "Polygons_3_2a.vcproj", "{7281DE2B-544D-4938-A561-8714873E87F1}"
EndProject
Project("{F2BE0824-A680-407D-BFE8-CEE10638EC6F}") = "CH02_Polygons", "Polygons_4_1.vcproj", "{2490BD95-534E-4CBB-BD3C-C28F64D2DCD7}"
EndProject
Project("{F2BE0824-A680-407D-BFE8-CEE10638EC6F}") = "CH02_Polygons", "Polygons_4_2.vcproj", "{A1D9C9B7-6301-43D7-9198-EFE19FCF30A8}"
EndProject
Project("{F2BE0824-A680-407D-BFE8-CEE10638EC6F}") = "CH02_Polygons", "Polygons_5_1.vcproj", "{BBD4345E-43A8-4C43-B0EF-67B5D283273B}"
EndProject
Project("{F2BE0824-A680-407D-BFE8-CEE10638EC6F}") = "CH02_Polygons", "Polygons_5_2.vcproj", "{A91F7724-B354-4F36-BEB0-42FB70086A6E}"
EndProject
Project("{F2BE0824-A680-407D-BFE8-CEE10638EC6F}") = "CH02_Polygons", "Polygons_6_1.vcproj", "{AD939B94-10FE-4091-8A13-35067EFABA17}"
EndProject
Project("{F2BE0824-A680-407D-BFE8-CEE10638EC6F}") = "CH02_Polygons", "Polygons_6_2.vcproj", "{5668E0A9-4AAB-4642-BFD4-6F78AB63DBF9}"
EndProject
Project("{F2BE0824-A680-407D-BFE8-CEE10638EC6F}") = "CH02_Polygons", "Polygons_6_2a.vcproj", "{940921AF-98D4-4824-B523-EF0F6A6FD283}"
EndProject
Project("{F2BE0824-A680-407D-BFE8-CEE10638EC6F}") = "CH02_Polygons", "Polygons_6_3.vcproj", "{80954E01-BEED-4124-93E9-90CEE3708AEA}"
EndProject
Global
	GlobalSection(SolutionConfigurationPlatforms) = preSolution
		Debug|Win32 = Debug|Win32
		Release|Win32 = Release|Win32
	EndGlobalSection
	GlobalSection(ProjectConfigurationPlatforms) = postSolution
		{0E4801A8-5223-45C7-9875-BCC812225481}.Debug|Win32.ActiveCfg = Debug|Win32
		{0E4801A8-5223-45C7-9875-BCC812225481}.Debug|Win32.Build.0 = Debug|Win32
		{0E4801A8-5223-45C7-9875-BCC812225481}.Release|Win32.ActiveCfg = Release|Win32
		{0E4801A8-5223-45C7-9875-BCC812225481}.Release|Win32.Build.0 = Release|Win32
		{DE4882A1-29FB-47C5-AF23-1518EE348BB5}.Debug|Win32.ActiveCfg = Debug|Win32
		{DE4882A1-29FB-47C5-AF23-1518EE348BB5}.Debug|Win32.Build.0 = Debug|Win32
		{DE4882A1-29FB-47C5-AF23-1518EE348BB5}.Release|Win32.ActiveCfg = Release|Win32
		{DE4882A1-29FB-47C5-AF23-1518EE348BB5}.Release|Win32.Build.0 = Release|Win32
		{FF42A7C9-2F9C-47BD-AFD9-1D90DD9CC944}.Debug|Win32.ActiveCfg = Debug|Win32
		{FF42A7C9-2F9C-47BD-AFD9-1D90DD9CC944}.Debug|Win32.Build.0 = Debug|Win32
		{FF42A7C9-2F9C-47BD-AFD9-1D90DD9CC944}.Release|Win32.ActiveCfg = Release|Win32
		{FF42A7C9-2F9C-47BD-AFD9-1D90DD9CC944}.Release|Win32.Build.0 = Release|Win32
		{7D84426C-D968-4434-9A54-A8ADAC32F9F2}.Debug|Win32.ActiveCfg = Debug|Win32
		{7D84426C-D968-4434-9A54-A8ADAC32F9F2}.Debug|Win32.Build.0 = Debug|Win32
		{7D84426C-D968-4434-9A54-A8ADAC32F9F2}.Release|Win32.ActiveCfg = Release|Win32
		{7D84426C-D968-4434-9A54-A8ADAC32F9F2}.Release|Win32.Build.0 = Release|Win32
		{D03E1D20-EC72-4FF6-AF8F-4984A63EA741}.Debug|Win32.ActiveCfg = Debug|Win32
		{D03E1D20-EC72-4FF6-AF8F-4984A63EA741}.Debug|Win32.Build.0 = Debug|Win32
		{D03E1D20-EC72-4FF6-AF8F-4984A63EA741}.Release|Win32.ActiveCfg = Release|Win32
		{D03E1D20-EC72-4FF6-AF8F-4984A63EA741}.Release|Win32.Build.0 = Release|Win32
		{33CBB64B-F180-4DD3-A6EC-707A220BD919}.Debug|Win32.ActiveCfg = Debug|Win32
		{33CBB64B-F180-4DD3-A6EC-707A220BD919}.Debug|Win32.Build.0 = Debug|Win32
		{33CBB64B-F180-4DD3-A6EC-707A220BD919}.Release|Win32.ActiveCfg = Release|Win32
		{33CBB64B-F180-4DD3-A6EC-707A220BD919}.Release|Win32.Build.0 = Release|Win32
		{81A36801-1F78-4684-A6EE-60D64CF10CB9}.Debug|Win32.ActiveCfg = Debug|Win32
		{81A36801-1F78-4684-A6EE-60D64CF10CB9}.Debug|Win32.Build.0 = Debug|Win32
		{81A36801-1F78-4684-A6EE-60D64CF10CB9}.Release|Win32.ActiveCfg = Release|Win32
		{81A36801-1F78-4684-A6EE-60D64CF10CB9}.Release|Win32.Build.0 = Release|Win32
		{7281DE2B-544D-4938-A561-8714873E87F1}.Debug|Win32.ActiveCfg = Debug|Win32
		{7281DE2B-544D-4938-A561-8714873E87F1}.Debug|Win32.Build.0 = Debug|Win32
		{7281DE2B-544D-4938-A561-8714873E87F1}.Release|Win32.ActiveCfg = Release|Win32
		{7281DE2B-544D-4938-A561-8714873E87F1}.Release|Win32.Build.0 = Release|Win32
		{2490BD95-534E-4CBB-BD3C-C28F64D2DCD7}.Debug|Win32.ActiveCfg = Debug|Win32
		{2490BD95-534E-4CBB-BD3C-C28F64D2DCD7}.Debug|Win32.Build.0 = Debug|Win32
		{2490BD95-534E-4CBB-BD3C-C28F64D2DCD7}.Release|Win32.ActiveCfg = Release|Win32
		{2490BD95-534E-4CBB-BD3C-C28F64D2DCD7}.Release|Win32.Build.0 = Release|Win32
		{A1D9C9B7-6301-43D7-9198-EFE19FCF30A8}.Debug|Win32.ActiveCfg = Debug|Win32
		{A1D9C9B7-6301-43D7-9198-EFE19FCF30A8}.Debug|Win32.Build.0 = Debug|Win32
		{A1D9C9B7-6301-43D7-9198-EFE19FCF30A8}.Release|Win32.ActiveCfg = Release|Win32
		{A1D9C9B7-6301-43D7-9198-EFE19FCF30A8}.Release|Win32.Build.0 = Release|Win32
		{BBD4345E-43A8-4C43-B0EF-67B5D283273B}.Debug|Win32.ActiveCfg = Debug|Win32
		{BBD4345E-43A8-4C43-B0EF-67B5D283273B}.Debug|Win32.Build.0 = Debug|Win32
		{BBD4345E-43A8-4C43-B0EF-67B5D283273B}.Release|Win32.ActiveCfg = Release|Win32
		{BBD4345E-43A8-4C43-B0EF-67B5D283273B}.Release|Win32.Build.0 = Release|Win32
		{A91F7724-B354-4F36-BEB0-42FB70086A6E}.Debug|Win32.ActiveCfg = Debug|Win32
		{A91F7724-B354-4F36-BEB0-42FB70086A6E}.Debug|Win32.Build.0 = Debug|Win32
		{A91F7724-B354-4F36-BEB0-42FB70086A6E}.Release|Win32.ActiveCfg = Release|Win32
		{A91F7724-B354-4F36-BEB0-42FB70086A6E}.Release|Win32.Build.0 = Release|Win32
		{AD939B94-10FE-4091-8A13-35067EFABA17}.Debug|Win32.ActiveCfg = Debug|Win32
		{AD939B94-10FE-4091-8A13-35067EFABA17}.Debug|Win32.Build.0 = Debug|Win32
		{AD939B94-10FE-4091-8A13-35067EFABA17}.Release|Win32.ActiveCfg = Release|Win32
		{AD939B94-10FE-4091-8A13-35067EFABA17}.Release|Win32.Build.0 = Release|Win32
		{5668E0A9-4AAB-4642-BFD4-6F78AB63DBF9}.Debug|Win32.ActiveCfg = Debug|Win32
		{5668E0A9-4AAB-4642-BFD4-6F78AB63DBF9}.Debug|Win32.Build.0 = Debug|Win32
		{5668E0A9-4AAB-4642-BFD4-6F78AB63DBF9}.Release|Win32.ActiveCfg = Release|Win32
		{5668E0A9-4AAB-4642-BFD4-6F78AB63DBF9}.Release|Win32.Build.0 = Release|Win32
		{940921AF-98D4-4824-B523-EF0F6A6FD283}.Debug|Win32.ActiveCfg = Debug|Win32
		{940921AF-98D4-4824-B523-EF0F6A6FD283}.Debug|Win32.Build.0 = Debug|Win32
		{940921AF-98D4-4824-B523-EF0F6A6FD283}.Release|Win32.ActiveCfg = Release|Win32
		{940921AF-98D4-4824-B523-EF0F6A6FD283}.Release|Win32.Build.0 = Release|Win32
		{80954E01-BEED-4124-93E9-90CEE3708AEA}.Debug|Win32.ActiveCfg = Debug|Win32
		{80954E01-BEED-4124-93E9-90CEE3708AEA}.Debug|Win32.Build.0 = Debug|Win32
		{80954E01-BEED-4124-93E9-90CEE3708AEA}.Release|Win32.ActiveCfg = Release|Win32
		{80954E01-BEED-4124-93E9-90CEE3708AEA}.Release|Win32.Build.0 = Release|Win32
	EndGlobalSection
	GlobalSection(SolutionProperties) = preSolution
		HideSolutionNode = FALSE
	EndGlobalSection
EndGlobal
