
Microsoft Visual Studio Solution File, Format Version 10.00
# Visual Studio 2008
Project("{AEF815AE-45D4-4422-B08F-6668FC3977D7}") = "CH01_Render", "Render_1_1.vcproj", "{30120152-89C2-433A-91B4-432F28ECB0C9}"
EndProject
Project("{AEF815AE-45D4-4422-B08F-6668FC3977D7}") = "CH01_Render", "Render_1_2.vcproj", "{847D00C0-B696-463E-994B-DF1447976D45}"
EndProject
Project("{AEF815AE-45D4-4422-B08F-6668FC3977D7}") = "CH01_Render", "Render_1_3.vcproj", "{30EA900C-A9D5-4AED-B764-BB58B2E4CB7F}"
EndProject
Project("{AEF815AE-45D4-4422-B08F-6668FC3977D7}") = "CH01_Render", "Render_1_4.vcproj", "{B5EF543E-A568-4033-A527-38577E2CA997}"
EndProject
Project("{AEF815AE-45D4-4422-B08F-6668FC3977D7}") = "CH01_Render", "Render_1_5.vcproj", "{B6337E69-2E3A-48BB-98CD-AC4BF7BD284B}"
EndProject
Project("{AEF815AE-45D4-4422-B08F-6668FC3977D7}") = "CH01_Render", "Render_2_1.vcproj", "{D2FD8306-F7C9-4415-AF47-5B2F506F8785}"
EndProject
Project("{AEF815AE-45D4-4422-B08F-6668FC3977D7}") = "CH01_Render", "Render_2_2.vcproj", "{BA4D758A-D2F1-40FC-BD43-260514C73E23}"
EndProject
Project("{AEF815AE-45D4-4422-B08F-6668FC3977D7}") = "CH01_Render", "Render_2_3.vcproj", "{B0BBD278-985E-404D-B020-0F782B8603C7}"
EndProject
Project("{AEF815AE-45D4-4422-B08F-6668FC3977D7}") = "CH01_Render", "Render_3_1.vcproj", "{2879A99E-79C1-4A81-BC4D-971EA018B30C}"
EndProject
Project("{AEF815AE-45D4-4422-B08F-6668FC3977D7}") = "CH01_Render", "Render_3_1a.vcproj", "{44708253-FDFC-42B9-9DB0-A7EE2C4FC48F}"
EndProject
Project("{AEF815AE-45D4-4422-B08F-6668FC3977D7}") = "CH01_Render", "Render_3_2.vcproj", "{631AC91E-F156-4E50-BFEF-182CE5688BCA}"
EndProject
Project("{AEF815AE-45D4-4422-B08F-6668FC3977D7}") = "CH01_Render", "Render_3_3.vcproj", "{76E079D6-E51D-4376-BDBD-4C76661B3632}"
EndProject
Project("{AEF815AE-45D4-4422-B08F-6668FC3977D7}") = "CH01_Render", "Render_4_1.vcproj", "{AE891646-1558-418F-B75C-A590ECC5AC6D}"
EndProject
Project("{AEF815AE-45D4-4422-B08F-6668FC3977D7}") = "CH01_Render", "Render_4_2.vcproj", "{7E4D94F7-C8F6-49BB-9E8D-DE4252B3B641}"
EndProject
Project("{AEF815AE-45D4-4422-B08F-6668FC3977D7}") = "CH01_Render", "Render_4_3.vcproj", "{1EC086D5-B6B7-4E0D-9AA2-E48422B0CBDF}"
EndProject
Project("{AEF815AE-45D4-4422-B08F-6668FC3977D7}") = "CH01_Render", "Render_5_1.vcproj", "{6414E546-39F0-45C3-AB84-54D636FB82E8}"
EndProject
Project("{AEF815AE-45D4-4422-B08F-6668FC3977D7}") = "CH01_Render", "Render_6_1.vcproj", "{77872C2A-7450-4279-98F6-3BB122DADA55}"
EndProject
Project("{AEF815AE-45D4-4422-B08F-6668FC3977D7}") = "CH01_Render", "Render_6_2.vcproj", "{778C28E7-6436-40E5-B023-01E2AE7B7BD4}"
EndProject
Global
	GlobalSection(SolutionConfigurationPlatforms) = preSolution
		Debug|Win32 = Debug|Win32
		Release|Win32 = Release|Win32
	EndGlobalSection
	GlobalSection(ProjectConfigurationPlatforms) = postSolution
		{30120152-89C2-433A-91B4-432F28ECB0C9}.Debug|Win32.ActiveCfg = Debug|Win32
		{30120152-89C2-433A-91B4-432F28ECB0C9}.Debug|Win32.Build.0 = Debug|Win32
		{30120152-89C2-433A-91B4-432F28ECB0C9}.Release|Win32.ActiveCfg = Release|Win32
		{30120152-89C2-433A-91B4-432F28ECB0C9}.Release|Win32.Build.0 = Release|Win32
		{847D00C0-B696-463E-994B-DF1447976D45}.Debug|Win32.ActiveCfg = Debug|Win32
		{847D00C0-B696-463E-994B-DF1447976D45}.Debug|Win32.Build.0 = Debug|Win32
		{847D00C0-B696-463E-994B-DF1447976D45}.Release|Win32.ActiveCfg = Release|Win32
		{847D00C0-B696-463E-994B-DF1447976D45}.Release|Win32.Build.0 = Release|Win32
		{30EA900C-A9D5-4AED-B764-BB58B2E4CB7F}.Debug|Win32.ActiveCfg = Debug|Win32
		{30EA900C-A9D5-4AED-B764-BB58B2E4CB7F}.Debug|Win32.Build.0 = Debug|Win32
		{30EA900C-A9D5-4AED-B764-BB58B2E4CB7F}.Release|Win32.ActiveCfg = Release|Win32
		{30EA900C-A9D5-4AED-B764-BB58B2E4CB7F}.Release|Win32.Build.0 = Release|Win32
		{B5EF543E-A568-4033-A527-38577E2CA997}.Debug|Win32.ActiveCfg = Debug|Win32
		{B5EF543E-A568-4033-A527-38577E2CA997}.Debug|Win32.Build.0 = Debug|Win32
		{B5EF543E-A568-4033-A527-38577E2CA997}.Release|Win32.ActiveCfg = Release|Win32
		{B5EF543E-A568-4033-A527-38577E2CA997}.Release|Win32.Build.0 = Release|Win32
		{B6337E69-2E3A-48BB-98CD-AC4BF7BD284B}.Debug|Win32.ActiveCfg = Debug|Win32
		{B6337E69-2E3A-48BB-98CD-AC4BF7BD284B}.Debug|Win32.Build.0 = Debug|Win32
		{B6337E69-2E3A-48BB-98CD-AC4BF7BD284B}.Release|Win32.ActiveCfg = Release|Win32
		{B6337E69-2E3A-48BB-98CD-AC4BF7BD284B}.Release|Win32.Build.0 = Release|Win32
		{D2FD8306-F7C9-4415-AF47-5B2F506F8785}.Debug|Win32.ActiveCfg = Debug|Win32
		{D2FD8306-F7C9-4415-AF47-5B2F506F8785}.Debug|Win32.Build.0 = Debug|Win32
		{D2FD8306-F7C9-4415-AF47-5B2F506F8785}.Release|Win32.ActiveCfg = Release|Win32
		{D2FD8306-F7C9-4415-AF47-5B2F506F8785}.Release|Win32.Build.0 = Release|Win32
		{BA4D758A-D2F1-40FC-BD43-260514C73E23}.Debug|Win32.ActiveCfg = Debug|Win32
		{BA4D758A-D2F1-40FC-BD43-260514C73E23}.Debug|Win32.Build.0 = Debug|Win32
		{BA4D758A-D2F1-40FC-BD43-260514C73E23}.Release|Win32.ActiveCfg = Release|Win32
		{BA4D758A-D2F1-40FC-BD43-260514C73E23}.Release|Win32.Build.0 = Release|Win32
		{B0BBD278-985E-404D-B020-0F782B8603C7}.Debug|Win32.ActiveCfg = Debug|Win32
		{B0BBD278-985E-404D-B020-0F782B8603C7}.Debug|Win32.Build.0 = Debug|Win32
		{B0BBD278-985E-404D-B020-0F782B8603C7}.Release|Win32.ActiveCfg = Release|Win32
		{B0BBD278-985E-404D-B020-0F782B8603C7}.Release|Win32.Build.0 = Release|Win32
		{2879A99E-79C1-4A81-BC4D-971EA018B30C}.Debug|Win32.ActiveCfg = Debug|Win32
		{2879A99E-79C1-4A81-BC4D-971EA018B30C}.Debug|Win32.Build.0 = Debug|Win32
		{2879A99E-79C1-4A81-BC4D-971EA018B30C}.Release|Win32.ActiveCfg = Release|Win32
		{2879A99E-79C1-4A81-BC4D-971EA018B30C}.Release|Win32.Build.0 = Release|Win32
		{44708253-FDFC-42B9-9DB0-A7EE2C4FC48F}.Debug|Win32.ActiveCfg = Debug|Win32
		{44708253-FDFC-42B9-9DB0-A7EE2C4FC48F}.Debug|Win32.Build.0 = Debug|Win32
		{44708253-FDFC-42B9-9DB0-A7EE2C4FC48F}.Release|Win32.ActiveCfg = Release|Win32
		{44708253-FDFC-42B9-9DB0-A7EE2C4FC48F}.Release|Win32.Build.0 = Release|Win32
		{631AC91E-F156-4E50-BFEF-182CE5688BCA}.Debug|Win32.ActiveCfg = Debug|Win32
		{631AC91E-F156-4E50-BFEF-182CE5688BCA}.Debug|Win32.Build.0 = Debug|Win32
		{631AC91E-F156-4E50-BFEF-182CE5688BCA}.Release|Win32.ActiveCfg = Release|Win32
		{631AC91E-F156-4E50-BFEF-182CE5688BCA}.Release|Win32.Build.0 = Release|Win32
		{76E079D6-E51D-4376-BDBD-4C76661B3632}.Debug|Win32.ActiveCfg = Debug|Win32
		{76E079D6-E51D-4376-BDBD-4C76661B3632}.Debug|Win32.Build.0 = Debug|Win32
		{76E079D6-E51D-4376-BDBD-4C76661B3632}.Release|Win32.ActiveCfg = Release|Win32
		{76E079D6-E51D-4376-BDBD-4C76661B3632}.Release|Win32.Build.0 = Release|Win32
		{AE891646-1558-418F-B75C-A590ECC5AC6D}.Debug|Win32.ActiveCfg = Debug|Win32
		{AE891646-1558-418F-B75C-A590ECC5AC6D}.Debug|Win32.Build.0 = Debug|Win32
		{AE891646-1558-418F-B75C-A590ECC5AC6D}.Release|Win32.ActiveCfg = Release|Win32
		{AE891646-1558-418F-B75C-A590ECC5AC6D}.Release|Win32.Build.0 = Release|Win32
		{7E4D94F7-C8F6-49BB-9E8D-DE4252B3B641}.Debug|Win32.ActiveCfg = Debug|Win32
		{7E4D94F7-C8F6-49BB-9E8D-DE4252B3B641}.Debug|Win32.Build.0 = Debug|Win32
		{7E4D94F7-C8F6-49BB-9E8D-DE4252B3B641}.Release|Win32.ActiveCfg = Release|Win32
		{7E4D94F7-C8F6-49BB-9E8D-DE4252B3B641}.Release|Win32.Build.0 = Release|Win32
		{1EC086D5-B6B7-4E0D-9AA2-E48422B0CBDF}.Debug|Win32.ActiveCfg = Debug|Win32
		{1EC086D5-B6B7-4E0D-9AA2-E48422B0CBDF}.Debug|Win32.Build.0 = Debug|Win32
		{1EC086D5-B6B7-4E0D-9AA2-E48422B0CBDF}.Release|Win32.ActiveCfg = Release|Win32
		{1EC086D5-B6B7-4E0D-9AA2-E48422B0CBDF}.Release|Win32.Build.0 = Release|Win32
		{6414E546-39F0-45C3-AB84-54D636FB82E8}.Debug|Win32.ActiveCfg = Debug|Win32
		{6414E546-39F0-45C3-AB84-54D636FB82E8}.Debug|Win32.Build.0 = Debug|Win32
		{6414E546-39F0-45C3-AB84-54D636FB82E8}.Release|Win32.ActiveCfg = Release|Win32
		{6414E546-39F0-45C3-AB84-54D636FB82E8}.Release|Win32.Build.0 = Release|Win32
		{77872C2A-7450-4279-98F6-3BB122DADA55}.Debug|Win32.ActiveCfg = Debug|Win32
		{77872C2A-7450-4279-98F6-3BB122DADA55}.Debug|Win32.Build.0 = Debug|Win32
		{77872C2A-7450-4279-98F6-3BB122DADA55}.Release|Win32.ActiveCfg = Release|Win32
		{77872C2A-7450-4279-98F6-3BB122DADA55}.Release|Win32.Build.0 = Release|Win32
		{778C28E7-6436-40E5-B023-01E2AE7B7BD4}.Debug|Win32.ActiveCfg = Debug|Win32
		{778C28E7-6436-40E5-B023-01E2AE7B7BD4}.Debug|Win32.Build.0 = Debug|Win32
		{778C28E7-6436-40E5-B023-01E2AE7B7BD4}.Release|Win32.ActiveCfg = Release|Win32
		{778C28E7-6436-40E5-B023-01E2AE7B7BD4}.Release|Win32.Build.0 = Release|Win32
	EndGlobalSection
	GlobalSection(SolutionProperties) = preSolution
		HideSolutionNode = FALSE
	EndGlobalSection
EndGlobal
