
Microsoft Visual Studio Solution File, Format Version 10.00
# Visual Studio 2008
Project("{D6773D76-676D-44C7-9E9D-1449F3729508}") = "CH06_3DPhysics", "3DPhysics_1_1.vcproj", "{3481D8DE-70A2-4101-83F4-E1391BF4F2DA}"
EndProject
Project("{D6773D76-676D-44C7-9E9D-1449F3729508}") = "CH06_3DPhysics", "3DPhysics_2_1.vcproj", "{9BA21E59-7CB6-4229-BB52-ED22D0172D50}"
EndProject
Project("{D6773D76-676D-44C7-9E9D-1449F3729508}") = "CH06_3DPhysics", "3DPhysics_2_2.vcproj", "{37486E93-DE99-4FE0-B057-B5CA3FAC8934}"
EndProject
Project("{D6773D76-676D-44C7-9E9D-1449F3729508}") = "CH06_3DPhysics", "3DPhysics_2_3.vcproj", "{0AC5B4D8-908F-4BB0-9A39-68D0FE31589E}"
EndProject
Project("{D6773D76-676D-44C7-9E9D-1449F3729508}") = "CH06_3DPhysics", "3DPhysics_3_1.vcproj", "{FFA6FDFB-5D73-4C2E-8041-62CE81AAC84D}"
EndProject
Project("{D6773D76-676D-44C7-9E9D-1449F3729508}") = "CH06_3DPhysics", "3DPhysics_4_1.vcproj", "{437E17BA-5FCF-44AB-B84F-7E46B70613D5}"
EndProject
Project("{D6773D76-676D-44C7-9E9D-1449F3729508}") = "CH06_3DPhysics", "3DPhysics_4_2.vcproj", "{35B640E1-8595-4A4C-8559-D511CD62695E}"
EndProject
Project("{D6773D76-676D-44C7-9E9D-1449F3729508}") = "CH06_3DPhysics", "3DPhysics_4_3.vcproj", "{0437C5FC-C8B6-4D33-94BF-665D425FBBD0}"
EndProject
Project("{D6773D76-676D-44C7-9E9D-1449F3729508}") = "CH06_3DPhysics", "3DPhysics_5_1.vcproj", "{8F3AE332-1A48-43CA-95AC-EB64B845D356}"
EndProject
Project("{D6773D76-676D-44C7-9E9D-1449F3729508}") = "CH06_3DPhysics", "3DPhysics_5_2.vcproj", "{C66A9675-3EB8-43A8-A16D-314052054C45}"
EndProject
Project("{D6773D76-676D-44C7-9E9D-1449F3729508}") = "CH06_3DPhysics", "3DPhysics_5_3.vcproj", "{10DC439C-C468-4199-8B0B-71D715BD9848}"
EndProject
Project("{D6773D76-676D-44C7-9E9D-1449F3729508}") = "CH06_3DPhysics", "3DPhysics_5_4.vcproj", "{2B4A86F2-635A-4F9E-8322-274912F9AE64}"
EndProject
Project("{D6773D76-676D-44C7-9E9D-1449F3729508}") = "CH06_3DPhysics", "3DPhysics_6_1.vcproj", "{0382B3C9-6BD9-491A-AEFE-6FE71BF23C8D}"
EndProject
Project("{D6773D76-676D-44C7-9E9D-1449F3729508}") = "CH06_3DPhysics", "3DPhysics_6_2.vcproj", "{26CC5AF9-8F05-41BF-91AE-43A16F8FD04D}"
EndProject
Global
	GlobalSection(SolutionConfigurationPlatforms) = preSolution
		Debug|Win32 = Debug|Win32
		Release|Win32 = Release|Win32
	EndGlobalSection
	GlobalSection(ProjectConfigurationPlatforms) = postSolution
		{3481D8DE-70A2-4101-83F4-E1391BF4F2DA}.Debug|Win32.ActiveCfg = Debug|Win32
		{3481D8DE-70A2-4101-83F4-E1391BF4F2DA}.Debug|Win32.Build.0 = Debug|Win32
		{3481D8DE-70A2-4101-83F4-E1391BF4F2DA}.Release|Win32.ActiveCfg = Release|Win32
		{3481D8DE-70A2-4101-83F4-E1391BF4F2DA}.Release|Win32.Build.0 = Release|Win32
		{9BA21E59-7CB6-4229-BB52-ED22D0172D50}.Debug|Win32.ActiveCfg = Debug|Win32
		{9BA21E59-7CB6-4229-BB52-ED22D0172D50}.Debug|Win32.Build.0 = Debug|Win32
		{9BA21E59-7CB6-4229-BB52-ED22D0172D50}.Release|Win32.ActiveCfg = Release|Win32
		{9BA21E59-7CB6-4229-BB52-ED22D0172D50}.Release|Win32.Build.0 = Release|Win32
		{37486E93-DE99-4FE0-B057-B5CA3FAC8934}.Debug|Win32.ActiveCfg = Debug|Win32
		{37486E93-DE99-4FE0-B057-B5CA3FAC8934}.Debug|Win32.Build.0 = Debug|Win32
		{37486E93-DE99-4FE0-B057-B5CA3FAC8934}.Release|Win32.ActiveCfg = Release|Win32
		{37486E93-DE99-4FE0-B057-B5CA3FAC8934}.Release|Win32.Build.0 = Release|Win32
		{0AC5B4D8-908F-4BB0-9A39-68D0FE31589E}.Debug|Win32.ActiveCfg = Debug|Win32
		{0AC5B4D8-908F-4BB0-9A39-68D0FE31589E}.Debug|Win32.Build.0 = Debug|Win32
		{0AC5B4D8-908F-4BB0-9A39-68D0FE31589E}.Release|Win32.ActiveCfg = Release|Win32
		{0AC5B4D8-908F-4BB0-9A39-68D0FE31589E}.Release|Win32.Build.0 = Release|Win32
		{FFA6FDFB-5D73-4C2E-8041-62CE81AAC84D}.Debug|Win32.ActiveCfg = Debug|Win32
		{FFA6FDFB-5D73-4C2E-8041-62CE81AAC84D}.Debug|Win32.Build.0 = Debug|Win32
		{FFA6FDFB-5D73-4C2E-8041-62CE81AAC84D}.Release|Win32.ActiveCfg = Release|Win32
		{FFA6FDFB-5D73-4C2E-8041-62CE81AAC84D}.Release|Win32.Build.0 = Release|Win32
		{437E17BA-5FCF-44AB-B84F-7E46B70613D5}.Debug|Win32.ActiveCfg = Debug|Win32
		{437E17BA-5FCF-44AB-B84F-7E46B70613D5}.Debug|Win32.Build.0 = Debug|Win32
		{437E17BA-5FCF-44AB-B84F-7E46B70613D5}.Release|Win32.ActiveCfg = Release|Win32
		{437E17BA-5FCF-44AB-B84F-7E46B70613D5}.Release|Win32.Build.0 = Release|Win32
		{35B640E1-8595-4A4C-8559-D511CD62695E}.Debug|Win32.ActiveCfg = Debug|Win32
		{35B640E1-8595-4A4C-8559-D511CD62695E}.Debug|Win32.Build.0 = Debug|Win32
		{35B640E1-8595-4A4C-8559-D511CD62695E}.Release|Win32.ActiveCfg = Release|Win32
		{35B640E1-8595-4A4C-8559-D511CD62695E}.Release|Win32.Build.0 = Release|Win32
		{0437C5FC-C8B6-4D33-94BF-665D425FBBD0}.Debug|Win32.ActiveCfg = Debug|Win32
		{0437C5FC-C8B6-4D33-94BF-665D425FBBD0}.Debug|Win32.Build.0 = Debug|Win32
		{0437C5FC-C8B6-4D33-94BF-665D425FBBD0}.Release|Win32.ActiveCfg = Release|Win32
		{0437C5FC-C8B6-4D33-94BF-665D425FBBD0}.Release|Win32.Build.0 = Release|Win32
		{8F3AE332-1A48-43CA-95AC-EB64B845D356}.Debug|Win32.ActiveCfg = Debug|Win32
		{8F3AE332-1A48-43CA-95AC-EB64B845D356}.Debug|Win32.Build.0 = Debug|Win32
		{8F3AE332-1A48-43CA-95AC-EB64B845D356}.Release|Win32.ActiveCfg = Release|Win32
		{8F3AE332-1A48-43CA-95AC-EB64B845D356}.Release|Win32.Build.0 = Release|Win32
		{C66A9675-3EB8-43A8-A16D-314052054C45}.Debug|Win32.ActiveCfg = Debug|Win32
		{C66A9675-3EB8-43A8-A16D-314052054C45}.Debug|Win32.Build.0 = Debug|Win32
		{C66A9675-3EB8-43A8-A16D-314052054C45}.Release|Win32.ActiveCfg = Release|Win32
		{C66A9675-3EB8-43A8-A16D-314052054C45}.Release|Win32.Build.0 = Release|Win32
		{10DC439C-C468-4199-8B0B-71D715BD9848}.Debug|Win32.ActiveCfg = Debug|Win32
		{10DC439C-C468-4199-8B0B-71D715BD9848}.Debug|Win32.Build.0 = Debug|Win32
		{10DC439C-C468-4199-8B0B-71D715BD9848}.Release|Win32.ActiveCfg = Release|Win32
		{10DC439C-C468-4199-8B0B-71D715BD9848}.Release|Win32.Build.0 = Release|Win32
		{2B4A86F2-635A-4F9E-8322-274912F9AE64}.Debug|Win32.ActiveCfg = Debug|Win32
		{2B4A86F2-635A-4F9E-8322-274912F9AE64}.Debug|Win32.Build.0 = Debug|Win32
		{2B4A86F2-635A-4F9E-8322-274912F9AE64}.Release|Win32.ActiveCfg = Release|Win32
		{2B4A86F2-635A-4F9E-8322-274912F9AE64}.Release|Win32.Build.0 = Release|Win32
		{0382B3C9-6BD9-491A-AEFE-6FE71BF23C8D}.Debug|Win32.ActiveCfg = Debug|Win32
		{0382B3C9-6BD9-491A-AEFE-6FE71BF23C8D}.Debug|Win32.Build.0 = Debug|Win32
		{0382B3C9-6BD9-491A-AEFE-6FE71BF23C8D}.Release|Win32.ActiveCfg = Release|Win32
		{0382B3C9-6BD9-491A-AEFE-6FE71BF23C8D}.Release|Win32.Build.0 = Release|Win32
		{26CC5AF9-8F05-41BF-91AE-43A16F8FD04D}.Debug|Win32.ActiveCfg = Debug|Win32
		{26CC5AF9-8F05-41BF-91AE-43A16F8FD04D}.Debug|Win32.Build.0 = Debug|Win32
		{26CC5AF9-8F05-41BF-91AE-43A16F8FD04D}.Release|Win32.ActiveCfg = Release|Win32
		{26CC5AF9-8F05-41BF-91AE-43A16F8FD04D}.Release|Win32.Build.0 = Release|Win32
	EndGlobalSection
	GlobalSection(SolutionProperties) = preSolution
		HideSolutionNode = FALSE
	EndGlobalSection
EndGlobal
