
Microsoft Visual Studio Solution File, Format Version 10.00
# Visual Studio 2008
Project("{92308435-C3D2-42E5-A54F-515E36B3F2E1}") = "CH04_3DCheckHit", "3DCheckHit_1_1.vcproj", "{A6D78352-737E-45B9-8374-A3EE66759CD4}"
EndProject
Project("{92308435-C3D2-42E5-A54F-515E36B3F2E1}") = "CH04_3DCheckHit", "3DCheckHit_1_2.vcproj", "{27FE8CA2-4B96-409A-9F11-52F6FD928EFD}"
EndProject
Project("{92308435-C3D2-42E5-A54F-515E36B3F2E1}") = "CH04_3DCheckHit", "3DCheckHit_2_1.vcproj", "{FB6E3D5B-E187-4E9F-8AC3-3D1C73EF7DAF}"
EndProject
Project("{92308435-C3D2-42E5-A54F-515E36B3F2E1}") = "CH04_3DCheckHit", "3DCheckHit_2_2.vcproj", "{290A602A-B2F4-4959-AF8E-DDB6F1FB3AB5}"
EndProject
Project("{92308435-C3D2-42E5-A54F-515E36B3F2E1}") = "CH04_3DCheckHit", "3DCheckHit_3_1.vcproj", "{D9769B77-6A49-4E1F-8AC8-6F6C83C3830E}"
EndProject
Project("{92308435-C3D2-42E5-A54F-515E36B3F2E1}") = "CH04_3DCheckHit", "3DCheckHit_3_2.vcproj", "{9545B26F-D06F-4D79-AF8A-8EAEC2A45841}"
EndProject
Project("{92308435-C3D2-42E5-A54F-515E36B3F2E1}") = "CH04_3DCheckHit", "3DCheckHit_4_1.vcproj", "{D77B2D02-EC24-4A74-9F21-66BD897DF05A}"
EndProject
Project("{92308435-C3D2-42E5-A54F-515E36B3F2E1}") = "CH04_3DCheckHit", "3DCheckHit_4_2.vcproj", "{9166E64E-4827-43D9-B909-7603264972C6}"
EndProject
Project("{92308435-C3D2-42E5-A54F-515E36B3F2E1}") = "CH04_3DCheckHit", "3DCheckHit_5_1.vcproj", "{F4A70A86-B2A4-4BCC-8D7D-5EDD1F26FCF8}"
EndProject
Project("{92308435-C3D2-42E5-A54F-515E36B3F2E1}") = "CH04_3DCheckHit", "3DCheckHit_5_2.vcproj", "{0D1018DE-E72C-4DE7-943B-8B695629AC04}"
EndProject
Global
	GlobalSection(SolutionConfigurationPlatforms) = preSolution
		Debug|Win32 = Debug|Win32
		Release|Win32 = Release|Win32
	EndGlobalSection
	GlobalSection(ProjectConfigurationPlatforms) = postSolution
		{A6D78352-737E-45B9-8374-A3EE66759CD4}.Debug|Win32.ActiveCfg = Debug|Win32
		{A6D78352-737E-45B9-8374-A3EE66759CD4}.Debug|Win32.Build.0 = Debug|Win32
		{A6D78352-737E-45B9-8374-A3EE66759CD4}.Release|Win32.ActiveCfg = Release|Win32
		{A6D78352-737E-45B9-8374-A3EE66759CD4}.Release|Win32.Build.0 = Release|Win32
		{27FE8CA2-4B96-409A-9F11-52F6FD928EFD}.Debug|Win32.ActiveCfg = Debug|Win32
		{27FE8CA2-4B96-409A-9F11-52F6FD928EFD}.Debug|Win32.Build.0 = Debug|Win32
		{27FE8CA2-4B96-409A-9F11-52F6FD928EFD}.Release|Win32.ActiveCfg = Release|Win32
		{27FE8CA2-4B96-409A-9F11-52F6FD928EFD}.Release|Win32.Build.0 = Release|Win32
		{FB6E3D5B-E187-4E9F-8AC3-3D1C73EF7DAF}.Debug|Win32.ActiveCfg = Debug|Win32
		{FB6E3D5B-E187-4E9F-8AC3-3D1C73EF7DAF}.Debug|Win32.Build.0 = Debug|Win32
		{FB6E3D5B-E187-4E9F-8AC3-3D1C73EF7DAF}.Release|Win32.ActiveCfg = Release|Win32
		{FB6E3D5B-E187-4E9F-8AC3-3D1C73EF7DAF}.Release|Win32.Build.0 = Release|Win32
		{290A602A-B2F4-4959-AF8E-DDB6F1FB3AB5}.Debug|Win32.ActiveCfg = Debug|Win32
		{290A602A-B2F4-4959-AF8E-DDB6F1FB3AB5}.Debug|Win32.Build.0 = Debug|Win32
		{290A602A-B2F4-4959-AF8E-DDB6F1FB3AB5}.Release|Win32.ActiveCfg = Release|Win32
		{290A602A-B2F4-4959-AF8E-DDB6F1FB3AB5}.Release|Win32.Build.0 = Release|Win32
		{D9769B77-6A49-4E1F-8AC8-6F6C83C3830E}.Debug|Win32.ActiveCfg = Debug|Win32
		{D9769B77-6A49-4E1F-8AC8-6F6C83C3830E}.Debug|Win32.Build.0 = Debug|Win32
		{D9769B77-6A49-4E1F-8AC8-6F6C83C3830E}.Release|Win32.ActiveCfg = Release|Win32
		{D9769B77-6A49-4E1F-8AC8-6F6C83C3830E}.Release|Win32.Build.0 = Release|Win32
		{9545B26F-D06F-4D79-AF8A-8EAEC2A45841}.Debug|Win32.ActiveCfg = Debug|Win32
		{9545B26F-D06F-4D79-AF8A-8EAEC2A45841}.Debug|Win32.Build.0 = Debug|Win32
		{9545B26F-D06F-4D79-AF8A-8EAEC2A45841}.Release|Win32.ActiveCfg = Release|Win32
		{9545B26F-D06F-4D79-AF8A-8EAEC2A45841}.Release|Win32.Build.0 = Release|Win32
		{D77B2D02-EC24-4A74-9F21-66BD897DF05A}.Debug|Win32.ActiveCfg = Debug|Win32
		{D77B2D02-EC24-4A74-9F21-66BD897DF05A}.Debug|Win32.Build.0 = Debug|Win32
		{D77B2D02-EC24-4A74-9F21-66BD897DF05A}.Release|Win32.ActiveCfg = Release|Win32
		{D77B2D02-EC24-4A74-9F21-66BD897DF05A}.Release|Win32.Build.0 = Release|Win32
		{9166E64E-4827-43D9-B909-7603264972C6}.Debug|Win32.ActiveCfg = Debug|Win32
		{9166E64E-4827-43D9-B909-7603264972C6}.Debug|Win32.Build.0 = Debug|Win32
		{9166E64E-4827-43D9-B909-7603264972C6}.Release|Win32.ActiveCfg = Release|Win32
		{9166E64E-4827-43D9-B909-7603264972C6}.Release|Win32.Build.0 = Release|Win32
		{F4A70A86-B2A4-4BCC-8D7D-5EDD1F26FCF8}.Debug|Win32.ActiveCfg = Debug|Win32
		{F4A70A86-B2A4-4BCC-8D7D-5EDD1F26FCF8}.Debug|Win32.Build.0 = Debug|Win32
		{F4A70A86-B2A4-4BCC-8D7D-5EDD1F26FCF8}.Release|Win32.ActiveCfg = Release|Win32
		{F4A70A86-B2A4-4BCC-8D7D-5EDD1F26FCF8}.Release|Win32.Build.0 = Release|Win32
		{0D1018DE-E72C-4DE7-943B-8B695629AC04}.Debug|Win32.ActiveCfg = Debug|Win32
		{0D1018DE-E72C-4DE7-943B-8B695629AC04}.Debug|Win32.Build.0 = Debug|Win32
		{0D1018DE-E72C-4DE7-943B-8B695629AC04}.Release|Win32.ActiveCfg = Release|Win32
		{0D1018DE-E72C-4DE7-943B-8B695629AC04}.Release|Win32.Build.0 = Release|Win32
	EndGlobalSection
	GlobalSection(SolutionProperties) = preSolution
		HideSolutionNode = FALSE
	EndGlobalSection
EndGlobal
